
Microsoft Visual Studio Solution File, Format Version 12.00
# Visual Studio Version 17
VisualStudioVersion = 17.6.33417.168
MinimumVisualStudioVersion = 10.0.40219.1
Project("{FAE04EC0-301F-11D3-BF4B-00C04F79EFBC}") = "newproject", "newproject\newproject.csproj", "{E552D605-1086-4D47-9B8D-7C1E7879BD70}"
EndProject
Global
	GlobalSection(SolutionConfigurationPlatforms) = preSolution
		Debug|Any CPU = Debug|Any CPU
		Release|Any CPU = Release|Any CPU
	EndGlobalSection
	GlobalSection(ProjectConfigurationPlatforms) = postSolution
		{E552D605-1086-4D47-9B8D-7C1E7879BD70}.Debug|Any CPU.ActiveCfg = Debug|Any CPU
		{E552D605-1086-4D47-9B8D-7C1E7879BD70}.Debug|Any CPU.Build.0 = Debug|Any CPU
		{E552D605-1086-4D47-9B8D-7C1E7879BD70}.Release|Any CPU.ActiveCfg = Release|Any CPU
		{E552D605-1086-4D47-9B8D-7C1E7879BD70}.Release|Any CPU.Build.0 = Release|Any CPU
	EndGlobalSection
	GlobalSection(SolutionProperties) = preSolution
		HideSolutionNode = FALSE
	EndGlobalSection
	GlobalSection(ExtensibilityGlobals) = postSolution
		SolutionGuid = {C9FC7A60-3FF5-42E3-B7E4-2BDC64B98D0E}
	EndGlobalSection
EndGlobal
